
Microsoft Visual Studio Solution File, Format Version 12.00
# Visual Studio Version 17
VisualStudioVersion = 17.14.36414.22 d17.14
MinimumVisualStudioVersion = 10.0.40219.1
Project("{FAE04EC0-301F-11D3-BF4B-00C04F79EFBC}") = "Hirugarren ariketa", "Hirugarren ariketa\Hirugarren ariketa.csproj", "{A45E6356-EADC-4126-9D21-7FF67E5CBFBE}"
EndProject
Global
	GlobalSection(SolutionConfigurationPlatforms) = preSolution
		Debug|Any CPU = Debug|Any CPU
		Release|Any CPU = Release|Any CPU
	EndGlobalSection
	GlobalSection(ProjectConfigurationPlatforms) = postSolution
		{A45E6356-EADC-4126-9D21-7FF67E5CBFBE}.Debug|Any CPU.ActiveCfg = Debug|Any CPU
		{A45E6356-EADC-4126-9D21-7FF67E5CBFBE}.Debug|Any CPU.Build.0 = Debug|Any CPU
		{A45E6356-EADC-4126-9D21-7FF67E5CBFBE}.Release|Any CPU.ActiveCfg = Release|Any CPU
		{A45E6356-EADC-4126-9D21-7FF67E5CBFBE}.Release|Any CPU.Build.0 = Release|Any CPU
	EndGlobalSection
	GlobalSection(SolutionProperties) = preSolution
		HideSolutionNode = FALSE
	EndGlobalSection
	GlobalSection(ExtensibilityGlobals) = postSolution
		SolutionGuid = {3F1B4C97-AF39-436A-AA02-A0266C347387}
	EndGlobalSection
EndGlobal
