
Microsoft Visual Studio Solution File, Format Version 12.00
# Visual Studio Version 17
VisualStudioVersion = 17.14.36414.22 d17.14
MinimumVisualStudioVersion = 10.0.40219.1
Project("{FAE04EC0-301F-11D3-BF4B-00C04F79EFBC}") = "12.Ariketa", "12.Ariketa\12.Ariketa.csproj", "{72301F20-B2B1-4E2D-A28C-96D9715D287D}"
EndProject
Global
	GlobalSection(SolutionConfigurationPlatforms) = preSolution
		Debug|Any CPU = Debug|Any CPU
		Release|Any CPU = Release|Any CPU
	EndGlobalSection
	GlobalSection(ProjectConfigurationPlatforms) = postSolution
		{72301F20-B2B1-4E2D-A28C-96D9715D287D}.Debug|Any CPU.ActiveCfg = Debug|Any CPU
		{72301F20-B2B1-4E2D-A28C-96D9715D287D}.Debug|Any CPU.Build.0 = Debug|Any CPU
		{72301F20-B2B1-4E2D-A28C-96D9715D287D}.Release|Any CPU.ActiveCfg = Release|Any CPU
		{72301F20-B2B1-4E2D-A28C-96D9715D287D}.Release|Any CPU.Build.0 = Release|Any CPU
	EndGlobalSection
	GlobalSection(SolutionProperties) = preSolution
		HideSolutionNode = FALSE
	EndGlobalSection
	GlobalSection(ExtensibilityGlobals) = postSolution
		SolutionGuid = {92054702-FD69-4002-9F01-637597A2EFAB}
	EndGlobalSection
EndGlobal
